name: Generate npm lockfile

on:
  push:
    branches: [upgrade/astro-5]

jobs:
  lockfile:
    if: ${{ !hashFiles('package-lock.json') }}
    runs-on: ubuntu-latest
    permissions:
      contents: write
    steps:
      - uses: actions/checkout@v4
      - uses: actions/setup-node@v4
        with:
          node-version-file: .nvmrc
      - name: Generate lockfile
        run: npm install
      - name: Commit lockfile
        run: |
          git config user.name "github-actions[bot]"
          git config user.email "41898282+github-actions[bot]@users.noreply.github.com"
          git add package-lock.json
          git commit -m "chore: refresh npm lockfile"
          git push origin HEAD:upgrade/astro-5
